github.com/RuiHirano/simframe v1.0.1-beta h1:E7S9BTZh70DdEyN6WQLRCxYxRJCiWWYjHhuo1inexAg=
github.com/RuiHirano/simframe/app v0.0.0-20210719111851-b4da8dce121e h1:r/qBD9KOOAQcXZnCREYSgojO11zG9XJD4e39UNb1KDU=
github.com/RuiHirano/simframe/app/model v0.0.0-20210719110251-67410cebd78a h1:f2rX4usAXcgJCkEIYMbTCbxaZp8AtNci/hWoe+pmrrY=
github.com/RuiHirano/simframe/app/model v0.0.0-20210719110251-67410cebd78a/go.mod h1:NmHZclrzdJZt+REJ3+jQ8RprfThhVsmNo1TXGBkD5gs=
github.com/RuiHirano/simframe/util v0.0.0-20210719111851-b4da8dce121e h1:ocmalvFOFljxXPZ4UrV2Jnh0cvXVAaVFEE4F7Z2z4vs=
github.com/RuiHirano/simframe/util v0.0.0-20210719111851-b4da8dce121e/go.mod h1:UgRxgO3wP52+uIvQPb504o+U5fSc83J3aNdwlspU+Fc=
github.com/briandowns/spinner v1.16.0 h1:DFmp6hEaIx2QXXuqSJmtfSBSAjRmpGiKG6ip2Wm/yOs=
github.com/briandowns/spinner v1.16.0/go.mod h1:QOuQk7x+EaDASo80FEXwlwiA+j/PPIcX3FScO+3/ZPQ=
github.com/fatih/color v1.7.0 h1:DkWD4oS2D8LGGgTQ6IvwJJXSL5Vp2ffcQg58nFV38Ys=
github.com/fatih/color v1.7.0/go.mod h1:Zm6kSWBoL9eyXnKyktHP6abPY2pDugNf5KwzbycvMj4=
github.com/mattn/go-colorable v0.1.2 h1:/bC9yWikZXAL9uJdulbSfyVNIR3n3trXl+v8+1sx8mU=
github.com/mattn/go-colorable v0.1.2/go.mod h1:U0ppj6V5qS13XJ6of8GYAs25YV2eR4EVcfRqFIhoBtE=
github.com/mattn/go-isatty v0.0.8 h1:HLtExJ+uU2HOZ+wI0Tt5DtUDrx8yhUqDcp7fYERX4CE=
github.com/mattn/go-isatty v0.0.8/go.mod h1:Iq45c/XA43vh69/j3iqttzPXn0bhXyGjM0Hdxcsrc5s=
golang.org/x/sys v0.0.0-20190222072716-a9d3bda3a223/go.mod h1:STP8DvDyc/dI5b8T5hshtkjS+E42TnysNCUPdjciGhY=
gopkg.in/check.v1 v0.0.0-20161208181325-20d25e280405/go.mod h1:Co6ibVJAznAaIkqp8huTwlJQCZ016jof/cbN4VW5Yz0=
gopkg.in/yaml.v2 v2.4.0 h1:D8xgwECY7CYvx+Y2n4sBz93Jn9JRvxdiyyo8CTfuKaY=
gopkg.in/yaml.v2 v2.4.0/go.mod h1:RDklbk79AGWmwhnvt/jBztapEOGDOx6ZbXqjP6csGnQ=
